<?xml version="1.0" encoding="utf-8"?>
<Project ToolsVersion="4.0" xmlns="http://schemas.microsoft.com/developer/msbuild/2003">
  <ItemGroup>
    <Filter Include="Source Files">
      <UniqueIdentifier>{4FC737F1-C7A5-4376-A066-2A32D752A2FF}</UniqueIdentifier>
      <Extensions>cpp;c;cc;cxx;c++;cppm;ixx;def;odl;idl;hpj;bat;asm;asmx</Extensions>
    </Filter>
    <Filter Include="Header Files">
      <UniqueIdentifier>{93995380-89BD-4b04-88EB-625FBE52EBFB}</UniqueIdentifier>
      <Extensions>h;hh;hpp;hxx;h++;hm;inl;inc;ipp;xsd</Extensions>
    </Filter>
    <Filter Include="Resource Files">
      <UniqueIdentifier>{67DA6AB6-F800-4c08-8B7A-83BB121AAD01}</UniqueIdentifier>
      <Extensions>rc;ico;cur;bmp;dlg;rc2;rct;bin;rgs;gif;jpg;jpeg;jpe;resx;tiff;tif;png;wav;mfcribbon-ms</Extensions>
    </Filter>
  </ItemGroup>
  <ItemGroup>
    <ClInclude Include="api\Client.h">
      <Filter>Header Files</Filter>
    </ClInclude>
    <ClInclude Include="api\Win32Natives.h">
      <Filter>Header Files</Filter>
    </ClInclude>
    <ClInclude Include="api\Framework.h">
      <Filter>Header Files</Filter>
    </ClInclude>
    <ClInclude Include="api\NetworkTypes.h">
      <Filter>Header Files</Filter>
    </ClInclude>
    <ClInclude Include="api\External\obfuscate.h">
      <Filter>Header Files</Filter>
    </ClInclude>
    <ClInclude Include="api\ProcessManager.h">
      <Filter>Header Files</Filter>
    </ClInclude>
    <ClInclude Include="api\resource.h">
      <Filter>Header Files</Filter>
    </ClInclude>
    <ClInclude Include="api\Syscalls.h">
      <Filter>Header Files</Filter>
    </ClInclude>
    <ClInclude Include="api\NetworkCommon.h">
      <Filter>Header Files</Filter>
    </ClInclude>
    <ClInclude Include="api\ServerInterface.h">
      <Filter>Header Files</Filter>
    </ClInclude>
    <ClInclude Include="api\External\base64.h">
      <Filter>Header Files</Filter>
    </ClInclude>
    <ClInclude Include="api\Serialization.h">
      <Filter>Header Files</Filter>
    </ClInclude>
    <ClInclude Include="api\External\json.hpp">
      <Filter>Header Files</Filter>
    </ClInclude>
    <ClInclude Include="api\External\json_fwd.hpp">
      <Filter>Header Files</Filter>
    </ClInclude>
    <ClInclude Include="api\LogicateCryptography.h">
      <Filter>Header Files</Filter>
    </ClInclude>
  </ItemGroup>
  <ItemGroup>
    <ClCompile Include="src\Client.cpp">
      <Filter>Source Files</Filter>
    </ClCompile>
    <ClCompile Include="src\ClientMain.cpp">
      <Filter>Source Files</Filter>
    </ClCompile>
    <ClCompile Include="src\ProcessManager.cpp">
      <Filter>Source Files</Filter>
    </ClCompile>
    <ClCompile Include="src\NetworkCommon.cpp">
      <Filter>Source Files</Filter>
    </ClCompile>
    <ClCompile Include="src\ServerMain.cpp">
      <Filter>Source Files</Filter>
    </ClCompile>
    <ClCompile Include="src\ServerInterface.cpp">
      <Filter>Source Files</Filter>
    </ClCompile>
    <ClCompile Include="src\Serialization.cpp">
      <Filter>Source Files</Filter>
    </ClCompile>
    <ClCompile Include="src\LogicgateCryptography.cpp">
      <Filter>Source Files</Filter>
    </ClCompile>
  </ItemGroup>
  <ItemGroup>
    <ResourceCompile Include="api\DLL.rc">
      <Filter>Resource Files</Filter>
    </ResourceCompile>
  </ItemGroup>
  <ItemGroup>
    <MASM Include="src\Helpers.asm">
      <Filter>Source Files</Filter>
    </MASM>
    <MASM Include="src\Syscalls.asm">
      <Filter>Source Files</Filter>
    </MASM>
  </ItemGroup>
</Project>